
Microsoft Visual Studio Solution File, Format Version 12.00
# Visual Studio 15
VisualStudioVersion = 15.0.27428.2037
MinimumVisualStudioVersion = 10.0.40219.1
Project("{FAE04EC0-301F-11D3-BF4B-00C04F79EFBC}") = "FastDrug", "FastDrug\FastDrug.csproj", "{9AC36F24-D515-4F2B-B18C-CBC889E3F639}"
EndProject
Global
	GlobalSection(SolutionConfigurationPlatforms) = preSolution
		Debug|Any CPU = Debug|Any CPU
		Release|Any CPU = Release|Any CPU
	EndGlobalSection
	GlobalSection(ProjectConfigurationPlatforms) = postSolution
		{9AC36F24-D515-4F2B-B18C-CBC889E3F639}.Debug|Any CPU.ActiveCfg = Debug|Any CPU
		{9AC36F24-D515-4F2B-B18C-CBC889E3F639}.Debug|Any CPU.Build.0 = Debug|Any CPU
		{9AC36F24-D515-4F2B-B18C-CBC889E3F639}.Release|Any CPU.ActiveCfg = Release|Any CPU
		{9AC36F24-D515-4F2B-B18C-CBC889E3F639}.Release|Any CPU.Build.0 = Release|Any CPU
	EndGlobalSection
	GlobalSection(SolutionProperties) = preSolution
		HideSolutionNode = FALSE
	EndGlobalSection
	GlobalSection(ExtensibilityGlobals) = postSolution
		SolutionGuid = {77F3FD46-FD70-479C-9184-4161F01C820D}
	EndGlobalSection
EndGlobal
